{
  "requires": true,
  "lockfileVersion": 1,
  "dependencies": {
    "d3-queue": {
      "version": "2.0.3",
      "resolved": "https://registry.npmjs.org/d3-queue/-/d3-queue-2.0.3.tgz",
      "integrity": "sha1-B/vaOsrlNYqcUpmq+ICt8JU+0sI="
    },
    "leaflet-image": {
      "version": "0.4.0",
      "resolved": "https://registry.npmjs.org/leaflet-image/-/leaflet-image-0.4.0.tgz",
      "integrity": "sha1-6E8i/2KI8JubDi9RpIUKnweWjME=",
      "requires": {
        "d3-queue": "2.0.3"
      }
    }
  }
}
